
Microsoft Visual Studio Solution File, Format Version 12.00
# Visual Studio 15
VisualStudioVersion = 15.0.27130.2027
MinimumVisualStudioVersion = 10.0.40219.1
Project("{9A19103F-16F7-4668-BE54-9A1E7A4F7556}") = "MyDashWallet", "MyDashWallet.csproj", "{E97AD52F-059B-4E55-A572-2E45141FA5C6}"
EndProject
Project("{FAE04EC0-301F-11D3-BF4B-00C04F79EFBC}") = "BitcoinLib", "Node\BitcoinLib\BitcoinLib.csproj", "{87ADBDD7-4915-4B2B-8159-529FA441E0FD}"
EndProject
Project("{9A19103F-16F7-4668-BE54-9A1E7A4F7556}") = "MyDashWallet.Node", "Node\MyDashWallet.Node.csproj", "{A7804EFE-289B-4969-8238-2E3C5BE036FB}"
EndProject
Project("{9A19103F-16F7-4668-BE54-9A1E7A4F7556}") = "MyDashWallet.Node.Tests", "Node\Tests\MyDashWallet.Node.Tests.csproj", "{0C648D36-8B08-4A8F-B704-09AA7D576BF5}"
EndProject
Global
	GlobalSection(SolutionConfigurationPlatforms) = preSolution
		Debug|Any CPU = Debug|Any CPU
		Release|Any CPU = Release|Any CPU
	EndGlobalSection
	GlobalSection(ProjectConfigurationPlatforms) = postSolution
		{E97AD52F-059B-4E55-A572-2E45141FA5C6}.Debug|Any CPU.ActiveCfg = Debug|Any CPU
		{E97AD52F-059B-4E55-A572-2E45141FA5C6}.Debug|Any CPU.Build.0 = Debug|Any CPU
		{E97AD52F-059B-4E55-A572-2E45141FA5C6}.Release|Any CPU.ActiveCfg = Release|Any CPU
		{E97AD52F-059B-4E55-A572-2E45141FA5C6}.Release|Any CPU.Build.0 = Release|Any CPU
		{87ADBDD7-4915-4B2B-8159-529FA441E0FD}.Debug|Any CPU.ActiveCfg = Debug|Any CPU
		{87ADBDD7-4915-4B2B-8159-529FA441E0FD}.Debug|Any CPU.Build.0 = Debug|Any CPU
		{87ADBDD7-4915-4B2B-8159-529FA441E0FD}.Release|Any CPU.ActiveCfg = Release|Any CPU
		{87ADBDD7-4915-4B2B-8159-529FA441E0FD}.Release|Any CPU.Build.0 = Release|Any CPU
		{A7804EFE-289B-4969-8238-2E3C5BE036FB}.Debug|Any CPU.ActiveCfg = Debug|Any CPU
		{A7804EFE-289B-4969-8238-2E3C5BE036FB}.Debug|Any CPU.Build.0 = Debug|Any CPU
		{A7804EFE-289B-4969-8238-2E3C5BE036FB}.Release|Any CPU.ActiveCfg = Release|Any CPU
		{A7804EFE-289B-4969-8238-2E3C5BE036FB}.Release|Any CPU.Build.0 = Release|Any CPU
		{0C648D36-8B08-4A8F-B704-09AA7D576BF5}.Debug|Any CPU.ActiveCfg = Debug|Any CPU
		{0C648D36-8B08-4A8F-B704-09AA7D576BF5}.Debug|Any CPU.Build.0 = Debug|Any CPU
		{0C648D36-8B08-4A8F-B704-09AA7D576BF5}.Release|Any CPU.ActiveCfg = Release|Any CPU
		{0C648D36-8B08-4A8F-B704-09AA7D576BF5}.Release|Any CPU.Build.0 = Release|Any CPU
	EndGlobalSection
	GlobalSection(SolutionProperties) = preSolution
		HideSolutionNode = FALSE
	EndGlobalSection
	GlobalSection(ExtensibilityGlobals) = postSolution
		SolutionGuid = {FB3C1846-35D2-4BE2-8957-B6CD0A983DEC}
	EndGlobalSection
EndGlobal
